
Microsoft Visual Studio Solution File, Format Version 12.00
# Visual Studio Version 17
VisualStudioVersion = 17.2.32602.215
MinimumVisualStudioVersion = 10.0.40219.1
Project("{9A19103F-16F7-4668-BE54-9A1E7A4F7556}") = "Root16.Sprout", "Root16.Sprout\Root16.Sprout.csproj", "{25E60BE3-3DB2-4163-B3D7-7F6FECB5F1E1}"
EndProject
Project("{9A19103F-16F7-4668-BE54-9A1E7A4F7556}") = "Root16.Sprout.Sample.ParallelSteps", "Root16.Sprout.Sample.ParallelSteps\Root16.Sprout.Sample.ParallelSteps.csproj", "{47345E65-F6CE-4D93-94D6-751515B31DCC}"
EndProject
Project("{9A19103F-16F7-4668-BE54-9A1E7A4F7556}") = "Root16.Sprout.Sample.CreatesAndUpdates", "Root16.Sprout.Sample.CreatesAndUpdates\Root16.Sprout.Sample.CreatesAndUpdates.csproj", "{258956BF-023D-46A4-BCC3-F3F3B339612C}"
EndProject
Project("{9A19103F-16F7-4668-BE54-9A1E7A4F7556}") = "Root16.Sprout.Dataverse", "Root16.Sprout.Dataverse\Root16.Sprout.Dataverse.csproj", "{5DE864A9-B356-4920-BE17-181051EDFAA2}"
EndProject
Project("{9A19103F-16F7-4668-BE54-9A1E7A4F7556}") = "Root16.Sprout.SqlServer", "Root16.Sprout.SqlServer\Root16.Sprout.SqlServer.csproj", "{2D4771B9-310D-4829-AE16-219EFFC1A707}"
EndProject
Project("{FAE04EC0-301F-11D3-BF4B-00C04F79EFBC}") = "Root16.Sprout.SpectreConsole", "Root16.Sprout.SpectreConsole\Root16.Sprout.SpectreConsole.csproj", "{2E8BDE9E-F146-48A9-9B04-7328DDA43A7F}"
EndProject
Global
	GlobalSection(SolutionConfigurationPlatforms) = preSolution
		Debug|Any CPU = Debug|Any CPU
		Release|Any CPU = Release|Any CPU
	EndGlobalSection
	GlobalSection(ProjectConfigurationPlatforms) = postSolution
		{25E60BE3-3DB2-4163-B3D7-7F6FECB5F1E1}.Debug|Any CPU.ActiveCfg = Debug|Any CPU
		{25E60BE3-3DB2-4163-B3D7-7F6FECB5F1E1}.Debug|Any CPU.Build.0 = Debug|Any CPU
		{25E60BE3-3DB2-4163-B3D7-7F6FECB5F1E1}.Release|Any CPU.ActiveCfg = Release|Any CPU
		{25E60BE3-3DB2-4163-B3D7-7F6FECB5F1E1}.Release|Any CPU.Build.0 = Release|Any CPU
		{47345E65-F6CE-4D93-94D6-751515B31DCC}.Debug|Any CPU.ActiveCfg = Debug|Any CPU
		{47345E65-F6CE-4D93-94D6-751515B31DCC}.Debug|Any CPU.Build.0 = Debug|Any CPU
		{47345E65-F6CE-4D93-94D6-751515B31DCC}.Release|Any CPU.ActiveCfg = Release|Any CPU
		{47345E65-F6CE-4D93-94D6-751515B31DCC}.Release|Any CPU.Build.0 = Release|Any CPU
		{258956BF-023D-46A4-BCC3-F3F3B339612C}.Debug|Any CPU.ActiveCfg = Debug|Any CPU
		{258956BF-023D-46A4-BCC3-F3F3B339612C}.Debug|Any CPU.Build.0 = Debug|Any CPU
		{258956BF-023D-46A4-BCC3-F3F3B339612C}.Release|Any CPU.ActiveCfg = Release|Any CPU
		{258956BF-023D-46A4-BCC3-F3F3B339612C}.Release|Any CPU.Build.0 = Release|Any CPU
		{5DE864A9-B356-4920-BE17-181051EDFAA2}.Debug|Any CPU.ActiveCfg = Debug|Any CPU
		{5DE864A9-B356-4920-BE17-181051EDFAA2}.Debug|Any CPU.Build.0 = Debug|Any CPU
		{5DE864A9-B356-4920-BE17-181051EDFAA2}.Release|Any CPU.ActiveCfg = Release|Any CPU
		{5DE864A9-B356-4920-BE17-181051EDFAA2}.Release|Any CPU.Build.0 = Release|Any CPU
		{2D4771B9-310D-4829-AE16-219EFFC1A707}.Debug|Any CPU.ActiveCfg = Debug|Any CPU
		{2D4771B9-310D-4829-AE16-219EFFC1A707}.Debug|Any CPU.Build.0 = Debug|Any CPU
		{2D4771B9-310D-4829-AE16-219EFFC1A707}.Release|Any CPU.ActiveCfg = Release|Any CPU
		{2D4771B9-310D-4829-AE16-219EFFC1A707}.Release|Any CPU.Build.0 = Release|Any CPU
		{2E8BDE9E-F146-48A9-9B04-7328DDA43A7F}.Debug|Any CPU.ActiveCfg = Debug|Any CPU
		{2E8BDE9E-F146-48A9-9B04-7328DDA43A7F}.Debug|Any CPU.Build.0 = Debug|Any CPU
		{2E8BDE9E-F146-48A9-9B04-7328DDA43A7F}.Release|Any CPU.ActiveCfg = Release|Any CPU
		{2E8BDE9E-F146-48A9-9B04-7328DDA43A7F}.Release|Any CPU.Build.0 = Release|Any CPU
	EndGlobalSection
	GlobalSection(SolutionProperties) = preSolution
		HideSolutionNode = FALSE
	EndGlobalSection
	GlobalSection(ExtensibilityGlobals) = postSolution
		SolutionGuid = {5325AEE1-471C-410A-8CC6-C8BCF4FD4C67}
	EndGlobalSection
EndGlobal
